// !$*UTF8*$!
{
	archiveVersion = 1;
	classes = {
	};
	objectVersion = 56;
	objects = {

/* Begin PBXBuildFile section */
		C154B45829CAE15F0010AE56 /* AppDelegate.swift in Sources */ = {isa = PBXBuildFile; fileRef = C154B45729CAE15F0010AE56 /* AppDelegate.swift */; };
		C154B45A29CAE15F0010AE56 /* SceneDelegate.swift in Sources */ = {isa = PBXBuildFile; fileRef = C154B45929CAE15F0010AE56 /* SceneDelegate.swift */; };
		C154B45C29CAE15F0010AE56 /* MainViewController.swift in Sources */ = {isa = PBXBuildFile; fileRef = C154B45B29CAE15F0010AE56 /* MainViewController.swift */; };
		C154B46429CAE1600010AE56 /* LaunchScreen.storyboard in Resources */ = {isa = PBXBuildFile; fileRef = C154B46229CAE1600010AE56 /* LaunchScreen.storyboard */; };
		C154B46F29CAE1600010AE56 /* WitMotionTests.swift in Sources */ = {isa = PBXBuildFile; fileRef = C154B46E29CAE1600010AE56 /* WitMotionTests.swift */; };
		C154B47929CAE1600010AE56 /* WitMotionUITests.swift in Sources */ = {isa = PBXBuildFile; fileRef = C154B47829CAE1600010AE56 /* WitMotionUITests.swift */; };
		C154B47B29CAE1600010AE56 /* WitMotionUITestsLaunchTests.swift in Sources */ = {isa = PBXBuildFile; fileRef = C154B47A29CAE1600010AE56 /* WitMotionUITestsLaunchTests.swift */; };
		C154B4BB29CB1CE60010AE56 /* WTBLEPeripheral.swift in Sources */ = {isa = PBXBuildFile; fileRef = C154B4BA29CB1CE60010AE56 /* WTBLEPeripheral.swift */; };
		C154B51F29CB6DA90010AE56 /* MainTableViewCell.swift in Sources */ = {isa = PBXBuildFile; fileRef = C154B51E29CB6DA90010AE56 /* MainTableViewCell.swift */; };
		C154B52129CB6F910010AE56 /* Assets.xcassets in Resources */ = {isa = PBXBuildFile; fileRef = C154B52029CB6F910010AE56 /* Assets.xcassets */; };
		C154B52429CB70C40010AE56 /* DetailViewController.swift in Sources */ = {isa = PBXBuildFile; fileRef = C154B52329CB70C40010AE56 /* DetailViewController.swift */; };
		C154B52729CC67530010AE56 /* AboutAppViewController.swift in Sources */ = {isa = PBXBuildFile; fileRef = C154B52629CC67530010AE56 /* AboutAppViewController.swift */; };
		C154B52B29CC70690010AE56 /* Localizable.strings in Resources */ = {isa = PBXBuildFile; fileRef = C154B52A29CC70690010AE56 /* Localizable.strings */; };
		C154B52F29CDD6120010AE56 /* ItemDataModel.swift in Sources */ = {isa = PBXBuildFile; fileRef = C154B52E29CDD6120010AE56 /* ItemDataModel.swift */; };
		C154B53129CDEF880010AE56 /* AccelerationModel.swift in Sources */ = {isa = PBXBuildFile; fileRef = C154B53029CDEF880010AE56 /* AccelerationModel.swift */; };
		C154B53329CDEFD90010AE56 /* AngularVelocityModel.swift in Sources */ = {isa = PBXBuildFile; fileRef = C154B53229CDEFD90010AE56 /* AngularVelocityModel.swift */; };
		C154B53629CDF0DB0010AE56 /* UIView+FKAutoLayout.swift in Sources */ = {isa = PBXBuildFile; fileRef = C154B53529CDF0DB0010AE56 /* UIView+FKAutoLayout.swift */; };
		C154B53829CDF0E90010AE56 /* UIView+Nib.swift in Sources */ = {isa = PBXBuildFile; fileRef = C154B53729CDF0E90010AE56 /* UIView+Nib.swift */; };
		C154B53A29CDF2E20010AE56 /* DataFileManager.swift in Sources */ = {isa = PBXBuildFile; fileRef = C154B53929CDF2E20010AE56 /* DataFileManager.swift */; };
		C154B53D29CDF3FC0010AE56 /* ToolManager.swift in Sources */ = {isa = PBXBuildFile; fileRef = C154B53C29CDF3FC0010AE56 /* ToolManager.swift */; };
		C154B54029CE0C9E0010AE56 /* HeaderItemCell.swift in Sources */ = {isa = PBXBuildFile; fileRef = C154B53F29CE0C9E0010AE56 /* HeaderItemCell.swift */; };
		C154B54229CE0D430010AE56 /* HistoryRecordViewController.swift in Sources */ = {isa = PBXBuildFile; fileRef = C154B54129CE0D430010AE56 /* HistoryRecordViewController.swift */; };
		C154B54429CE0D5B0010AE56 /* FunctionPopViewController.swift in Sources */ = {isa = PBXBuildFile; fileRef = C154B54329CE0D5B0010AE56 /* FunctionPopViewController.swift */; };
		C154B54629CE0D830010AE56 /* FunctionIntroductionViewController.swift in Sources */ = {isa = PBXBuildFile; fileRef = C154B54529CE0D830010AE56 /* FunctionIntroductionViewController.swift */; };
		C154B54829CE0D980010AE56 /* PrivacyAgreementViewController.swift in Sources */ = {isa = PBXBuildFile; fileRef = C154B54729CE0D980010AE56 /* PrivacyAgreementViewController.swift */; };
		C154B54A29CE0DC80010AE56 /* DetailViewController.xib in Resources */ = {isa = PBXBuildFile; fileRef = C154B54929CE0DC80010AE56 /* DetailViewController.xib */; };
		C154B54D29CE0DE80010AE56 /* HistoryRecordViewController.xib in Resources */ = {isa = PBXBuildFile; fileRef = C154B54C29CE0DE80010AE56 /* HistoryRecordViewController.xib */; };
		C154B55029CE0E010010AE56 /* FunctionPopViewController.xib in Resources */ = {isa = PBXBuildFile; fileRef = C154B54F29CE0E010010AE56 /* FunctionPopViewController.xib */; };
		C154B55329CE0E240010AE56 /* AboutAppViewController.xib in Resources */ = {isa = PBXBuildFile; fileRef = C154B55229CE0E240010AE56 /* AboutAppViewController.xib */; };
		C154B55829CE0E7D0010AE56 /* FunctionIntroductionViewController.xib in Resources */ = {isa = PBXBuildFile; fileRef = C154B55729CE0E7D0010AE56 /* FunctionIntroductionViewController.xib */; };
		C154B55A29CE0F4D0010AE56 /* privacyAgreement.html in Resources */ = {isa = PBXBuildFile; fileRef = C154B55929CE0F4D0010AE56 /* privacyAgreement.html */; };
		C16E4BD429D0B6EE00039933 /* PrefixHeader.swift in Sources */ = {isa = PBXBuildFile; fileRef = C16E4BD329D0B6EE00039933 /* PrefixHeader.swift */; };
		C16E4BED29D33C0300039933 /* WTBLESDK.xcframework in Frameworks */ = {isa = PBXBuildFile; fileRef = C16E4BEC29D33C0300039933 /* WTBLESDK.xcframework */; };
		C16E4BEE29D33C0300039933 /* WTBLESDK.xcframework in Embed Frameworks */ = {isa = PBXBuildFile; fileRef = C16E4BEC29D33C0300039933 /* WTBLESDK.xcframework */; settings = {ATTRIBUTES = (CodeSignOnCopy, RemoveHeadersOnCopy, ); }; };
/* End PBXBuildFile section */

/* Begin PBXContainerItemProxy section */
		C154B46B29CAE1600010AE56 /* PBXContainerItemProxy */ = {
			isa = PBXContainerItemProxy;
			containerPortal = C154B44C29CAE15F0010AE56 /* Project object */;
			proxyType = 1;
			remoteGlobalIDString = C154B45329CAE15F0010AE56;
			remoteInfo = WitMotion;
		};
		C154B47529CAE1600010AE56 /* PBXContainerItemProxy */ = {
			isa = PBXContainerItemProxy;
			containerPortal = C154B44C29CAE15F0010AE56 /* Project object */;
			proxyType = 1;
			remoteGlobalIDString = C154B45329CAE15F0010AE56;
			remoteInfo = WitMotion;
		};
		C154B51A29CB47E50010AE56 /* PBXContainerItemProxy */ = {
			isa = PBXContainerItemProxy;
			containerPortal = C154B51529CB47E50010AE56 /* WTBLESDK.xcodeproj */;
			proxyType = 2;
			remoteGlobalIDString = C154B4E329CB41F70010AE56;
			remoteInfo = WTBLESDK;
		};
		C154B51C29CB47E50010AE56 /* PBXContainerItemProxy */ = {
			isa = PBXContainerItemProxy;
			containerPortal = C154B51529CB47E50010AE56 /* WTBLESDK.xcodeproj */;
			proxyType = 2;
			remoteGlobalIDString = C154B4EB29CB41F70010AE56;
			remoteInfo = WTBLESDKTests;
		};
/* End PBXContainerItemProxy section */

/* Begin PBXCopyFilesBuildPhase section */
		C16E4BEF29D33C0300039933 /* Embed Frameworks */ = {
			isa = PBXCopyFilesBuildPhase;
			buildActionMask = 2147483647;
			dstPath = "";
			dstSubfolderSpec = 10;
			files = (
				C16E4BEE29D33C0300039933 /* WTBLESDK.xcframework in Embed Frameworks */,
			);
			name = "Embed Frameworks";
			runOnlyForDeploymentPostprocessing = 0;
		};
/* End PBXCopyFilesBuildPhase section */

/* Begin PBXFileReference section */
		C154B45429CAE15F0010AE56 /* WitMotion.app */ = {isa = PBXFileReference; explicitFileType = wrapper.application; includeInIndex = 0; path = WitMotion.app; sourceTree = BUILT_PRODUCTS_DIR; };
		C154B45729CAE15F0010AE56 /* AppDelegate.swift */ = {isa = PBXFileReference; lastKnownFileType = sourcecode.swift; path = AppDelegate.swift; sourceTree = "<group>"; };
		C154B45929CAE15F0010AE56 /* SceneDelegate.swift */ = {isa = PBXFileReference; lastKnownFileType = sourcecode.swift; path = SceneDelegate.swift; sourceTree = "<group>"; };
		C154B45B29CAE15F0010AE56 /* MainViewController.swift */ = {isa = PBXFileReference; lastKnownFileType = sourcecode.swift; path = MainViewController.swift; sourceTree = "<group>"; };
		C154B46329CAE1600010AE56 /* Base */ = {isa = PBXFileReference; lastKnownFileType = file.storyboard; name = Base; path = Base.lproj/LaunchScreen.storyboard; sourceTree = "<group>"; };
		C154B46529CAE1600010AE56 /* Info.plist */ = {isa = PBXFileReference; lastKnownFileType = text.plist.xml; path = Info.plist; sourceTree = "<group>"; };
		C154B46A29CAE1600010AE56 /* WitMotionTests.xctest */ = {isa = PBXFileReference; explicitFileType = wrapper.cfbundle; includeInIndex = 0; path = WitMotionTests.xctest; sourceTree = BUILT_PRODUCTS_DIR; };
		C154B46E29CAE1600010AE56 /* WitMotionTests.swift */ = {isa = PBXFileReference; lastKnownFileType = sourcecode.swift; path = WitMotionTests.swift; sourceTree = "<group>"; };
		C154B47429CAE1600010AE56 /* WitMotionUITests.xctest */ = {isa = PBXFileReference; explicitFileType = wrapper.cfbundle; includeInIndex = 0; path = WitMotionUITests.xctest; sourceTree = BUILT_PRODUCTS_DIR; };
		C154B47829CAE1600010AE56 /* WitMotionUITests.swift */ = {isa = PBXFileReference; lastKnownFileType = sourcecode.swift; path = WitMotionUITests.swift; sourceTree = "<group>"; };
		C154B47A29CAE1600010AE56 /* WitMotionUITestsLaunchTests.swift */ = {isa = PBXFileReference; lastKnownFileType = sourcecode.swift; path = WitMotionUITestsLaunchTests.swift; sourceTree = "<group>"; };
		C154B4BA29CB1CE60010AE56 /* WTBLEPeripheral.swift */ = {isa = PBXFileReference; lastKnownFileType = sourcecode.swift; path = WTBLEPeripheral.swift; sourceTree = "<group>"; };
		C154B4C029CB1EE30010AE56 /* WTBLESDK.framework */ = {isa = PBXFileReference; lastKnownFileType = wrapper.framework; name = WTBLESDK.framework; path = "../../../../../Library/Developer/Xcode/DerivedData/WTBLESDK-gksrbokfrawubighbuxpautbmbxb/Build/Products/Debug-iphonesimulator/WTBLESDK.framework"; sourceTree = "<group>"; };
		C154B4CD29CB25220010AE56 /* Debug-iphonesimulator */ = {isa = PBXFileReference; lastKnownFileType = folder; name = "Debug-iphonesimulator"; path = "../../../../../Library/Developer/Xcode/DerivedData/WTBLESDK-aizasiopztlwddbbqfmrdmtvgvev/Build/Products/Debug-iphonesimulator"; sourceTree = "<group>"; };
		C154B4CE29CB25290010AE56 /* WTBLESDK.framework */ = {isa = PBXFileReference; lastKnownFileType = wrapper.framework; name = WTBLESDK.framework; path = "../../../../../Library/Developer/Xcode/DerivedData/WTBLESDK-aizasiopztlwddbbqfmrdmtvgvev/Build/Products/Debug-iphonesimulator/WTBLESDK.framework"; sourceTree = "<group>"; };
		C154B4D229CB3FAB0010AE56 /* WTBLESDK.framework */ = {isa = PBXFileReference; lastKnownFileType = wrapper.framework; name = WTBLESDK.framework; path = "../../../../../Library/Developer/Xcode/DerivedData/WitMotion-foifzwqscnfmojdptgsppdnysatk/Build/Products/Debug-iphonesimulator/WTBLESDK.framework"; sourceTree = "<group>"; };
		C154B50229CB460E0010AE56 /* WTBLESDK.framework */ = {isa = PBXFileReference; lastKnownFileType = wrapper.framework; name = WTBLESDK.framework; path = "../../../../../Library/Developer/Xcode/DerivedData/WTBLESDK-ctwttsiqdgkldwhghxewfjsdqxtn/Build/Products/Debug-iphonesimulator/WTBLESDK.framework"; sourceTree = "<group>"; };
		C154B51529CB47E50010AE56 /* WTBLESDK.xcodeproj */ = {isa = PBXFileReference; lastKnownFileType = "wrapper.pb-project"; name = WTBLESDK.xcodeproj; path = ../WTBLESDK/WTBLESDK.xcodeproj; sourceTree = "<group>"; };
		C154B51E29CB6DA90010AE56 /* MainTableViewCell.swift */ = {isa = PBXFileReference; lastKnownFileType = sourcecode.swift; path = MainTableViewCell.swift; sourceTree = "<group>"; };
		C154B52029CB6F910010AE56 /* Assets.xcassets */ = {isa = PBXFileReference; lastKnownFileType = folder.assetcatalog; path = Assets.xcassets; sourceTree = "<group>"; };
		C154B52329CB70C40010AE56 /* DetailViewController.swift */ = {isa = PBXFileReference; lastKnownFileType = sourcecode.swift; path = DetailViewController.swift; sourceTree = "<group>"; };
		C154B52629CC67530010AE56 /* AboutAppViewController.swift */ = {isa = PBXFileReference; lastKnownFileType = sourcecode.swift; path = AboutAppViewController.swift; sourceTree = "<group>"; };
		C154B52A29CC70690010AE56 /* Localizable.strings */ = {isa = PBXFileReference; lastKnownFileType = text.plist.strings; path = Localizable.strings; sourceTree = "<group>"; };
		C154B52E29CDD6120010AE56 /* ItemDataModel.swift */ = {isa = PBXFileReference; lastKnownFileType = sourcecode.swift; path = ItemDataModel.swift; sourceTree = "<group>"; };
		C154B53029CDEF880010AE56 /* AccelerationModel.swift */ = {isa = PBXFileReference; lastKnownFileType = sourcecode.swift; path = AccelerationModel.swift; sourceTree = "<group>"; };
		C154B53229CDEFD90010AE56 /* AngularVelocityModel.swift */ = {isa = PBXFileReference; lastKnownFileType = sourcecode.swift; path = AngularVelocityModel.swift; sourceTree = "<group>"; };
		C154B53529CDF0DB0010AE56 /* UIView+FKAutoLayout.swift */ = {isa = PBXFileReference; lastKnownFileType = sourcecode.swift; path = "UIView+FKAutoLayout.swift"; sourceTree = "<group>"; };
		C154B53729CDF0E90010AE56 /* UIView+Nib.swift */ = {isa = PBXFileReference; lastKnownFileType = sourcecode.swift; path = "UIView+Nib.swift"; sourceTree = "<group>"; };
		C154B53929CDF2E20010AE56 /* DataFileManager.swift */ = {isa = PBXFileReference; lastKnownFileType = sourcecode.swift; path = DataFileManager.swift; sourceTree = "<group>"; };
		C154B53C29CDF3FC0010AE56 /* ToolManager.swift */ = {isa = PBXFileReference; lastKnownFileType = sourcecode.swift; path = ToolManager.swift; sourceTree = "<group>"; };
		C154B53F29CE0C9E0010AE56 /* HeaderItemCell.swift */ = {isa = PBXFileReference; lastKnownFileType = sourcecode.swift; path = HeaderItemCell.swift; sourceTree = "<group>"; };
		C154B54129CE0D430010AE56 /* HistoryRecordViewController.swift */ = {isa = PBXFileReference; lastKnownFileType = sourcecode.swift; path = HistoryRecordViewController.swift; sourceTree = "<group>"; };
		C154B54329CE0D5B0010AE56 /* FunctionPopViewController.swift */ = {isa = PBXFileReference; lastKnownFileType = sourcecode.swift; path = FunctionPopViewController.swift; sourceTree = "<group>"; };
		C154B54529CE0D830010AE56 /* FunctionIntroductionViewController.swift */ = {isa = PBXFileReference; lastKnownFileType = sourcecode.swift; path = FunctionIntroductionViewController.swift; sourceTree = "<group>"; };
		C154B54729CE0D980010AE56 /* PrivacyAgreementViewController.swift */ = {isa = PBXFileReference; lastKnownFileType = sourcecode.swift; path = PrivacyAgreementViewController.swift; sourceTree = "<group>"; };
		C154B54929CE0DC80010AE56 /* DetailViewController.xib */ = {isa = PBXFileReference; fileEncoding = 4; lastKnownFileType = file.xib; path = DetailViewController.xib; sourceTree = "<group>"; };
		C154B54C29CE0DE80010AE56 /* HistoryRecordViewController.xib */ = {isa = PBXFileReference; fileEncoding = 4; lastKnownFileType = file.xib; path = HistoryRecordViewController.xib; sourceTree = "<group>"; };
		C154B54F29CE0E010010AE56 /* FunctionPopViewController.xib */ = {isa = PBXFileReference; fileEncoding = 4; lastKnownFileType = file.xib; path = FunctionPopViewController.xib; sourceTree = "<group>"; };
		C154B55229CE0E240010AE56 /* AboutAppViewController.xib */ = {isa = PBXFileReference; fileEncoding = 4; lastKnownFileType = file.xib; path = AboutAppViewController.xib; sourceTree = "<group>"; };
		C154B55729CE0E7D0010AE56 /* FunctionIntroductionViewController.xib */ = {isa = PBXFileReference; fileEncoding = 4; lastKnownFileType = file.xib; path = FunctionIntroductionViewController.xib; sourceTree = "<group>"; };
		C154B55929CE0F4D0010AE56 /* privacyAgreement.html */ = {isa = PBXFileReference; fileEncoding = 4; lastKnownFileType = text.html; path = privacyAgreement.html; sourceTree = "<group>"; };
		C16E4BD329D0B6EE00039933 /* PrefixHeader.swift */ = {isa = PBXFileReference; lastKnownFileType = sourcecode.swift; path = PrefixHeader.swift; sourceTree = "<group>"; };
		C16E4BEC29D33C0300039933 /* WTBLESDK.xcframework */ = {isa = PBXFileReference; lastKnownFileType = wrapper.xcframework; name = WTBLESDK.xcframework; path = ../WTBLESDK/build/WTBLESDK.xcframework; sourceTree = "<group>"; };
/* End PBXFileReference section */

/* Begin PBXFrameworksBuildPhase section */
		C154B45129CAE15F0010AE56 /* Frameworks */ = {
			isa = PBXFrameworksBuildPhase;
			buildActionMask = 2147483647;
			files = (
				C16E4BED29D33C0300039933 /* WTBLESDK.xcframework in Frameworks */,
			);
			runOnlyForDeploymentPostprocessing = 0;
		};
		C154B46729CAE1600010AE56 /* Frameworks */ = {
			isa = PBXFrameworksBuildPhase;
			buildActionMask = 2147483647;
			files = (
			);
			runOnlyForDeploymentPostprocessing = 0;
		};
		C154B47129CAE1600010AE56 /* Frameworks */ = {
			isa = PBXFrameworksBuildPhase;
			buildActionMask = 2147483647;
			files = (
			);
			runOnlyForDeploymentPostprocessing = 0;
		};
/* End PBXFrameworksBuildPhase section */

/* Begin PBXGroup section */
		C154B44B29CAE15F0010AE56 = {
			isa = PBXGroup;
			children = (
				C154B51529CB47E50010AE56 /* WTBLESDK.xcodeproj */,
				C154B45629CAE15F0010AE56 /* WitMotion */,
				C154B46D29CAE1600010AE56 /* WitMotionTests */,
				C154B47729CAE1600010AE56 /* WitMotionUITests */,
				C154B45529CAE15F0010AE56 /* Products */,
				C154B4BD29CB1EE30010AE56 /* Frameworks */,
			);
			sourceTree = "<group>";
		};
		C154B45529CAE15F0010AE56 /* Products */ = {
			isa = PBXGroup;
			children = (
				C154B45429CAE15F0010AE56 /* WitMotion.app */,
				C154B46A29CAE1600010AE56 /* WitMotionTests.xctest */,
				C154B47429CAE1600010AE56 /* WitMotionUITests.xctest */,
			);
			name = Products;
			sourceTree = "<group>";
		};
		C154B45629CAE15F0010AE56 /* WitMotion */ = {
			isa = PBXGroup;
			children = (
				C154B48729CAFDF60010AE56 /* Application */,
				C154B48829CAFEE60010AE56 /* Views */,
				C154B52D29CDD6060010AE56 /* Model */,
				C154B55B29CE12DB0010AE56 /* Utilities */,
				C154B52929CC70550010AE56 /* Localization */,
			);
			path = WitMotion;
			sourceTree = "<group>";
		};
		C154B46D29CAE1600010AE56 /* WitMotionTests */ = {
			isa = PBXGroup;
			children = (
				C154B46E29CAE1600010AE56 /* WitMotionTests.swift */,
			);
			path = WitMotionTests;
			sourceTree = "<group>";
		};
		C154B47729CAE1600010AE56 /* WitMotionUITests */ = {
			isa = PBXGroup;
			children = (
				C154B47829CAE1600010AE56 /* WitMotionUITests.swift */,
				C154B47A29CAE1600010AE56 /* WitMotionUITestsLaunchTests.swift */,
			);
			path = WitMotionUITests;
			sourceTree = "<group>";
		};
		C154B48729CAFDF60010AE56 /* Application */ = {
			isa = PBXGroup;
			children = (
				C154B45729CAE15F0010AE56 /* AppDelegate.swift */,
				C154B45929CAE15F0010AE56 /* SceneDelegate.swift */,
				C16E4BD329D0B6EE00039933 /* PrefixHeader.swift */,
				C154B46529CAE1600010AE56 /* Info.plist */,
			);
			path = Application;
			sourceTree = "<group>";
		};
		C154B48829CAFEE60010AE56 /* Views */ = {
			isa = PBXGroup;
			children = (
				C154B53429CDF0C90010AE56 /* CategoryModule */,
				C154B48A29CAFF070010AE56 /* Assets */,
				C154B48929CAFEF30010AE56 /* LaunchScreen */,
				C154B48B29CB015C0010AE56 /* MainView */,
				C154B52229CB70B20010AE56 /* DetailsView */,
				C154B52529CC67450010AE56 /* AboutView */,
				C154B55429CE0E2B0010AE56 /* PrivacyAgreementView */,
				C154B55129CE0E0A0010AE56 /* FunctionIntroductionView */,
				C154B54E29CE0DEF0010AE56 /* FunctionPopView */,
				C154B54B29CE0DD40010AE56 /* HistoryRcordView */,
			);
			path = Views;
			sourceTree = "<group>";
		};
		C154B48929CAFEF30010AE56 /* LaunchScreen */ = {
			isa = PBXGroup;
			children = (
				C154B46229CAE1600010AE56 /* LaunchScreen.storyboard */,
			);
			path = LaunchScreen;
			sourceTree = "<group>";
		};
		C154B48A29CAFF070010AE56 /* Assets */ = {
			isa = PBXGroup;
			children = (
				C154B52029CB6F910010AE56 /* Assets.xcassets */,
				C154B55929CE0F4D0010AE56 /* privacyAgreement.html */,
			);
			path = Assets;
			sourceTree = "<group>";
		};
		C154B48B29CB015C0010AE56 /* MainView */ = {
			isa = PBXGroup;
			children = (
				C154B45B29CAE15F0010AE56 /* MainViewController.swift */,
				C154B51E29CB6DA90010AE56 /* MainTableViewCell.swift */,
			);
			path = MainView;
			sourceTree = "<group>";
		};
		C154B4BD29CB1EE30010AE56 /* Frameworks */ = {
			isa = PBXGroup;
			children = (
				C16E4BEC29D33C0300039933 /* WTBLESDK.xcframework */,
				C154B4CE29CB25290010AE56 /* WTBLESDK.framework */,
				C154B4D229CB3FAB0010AE56 /* WTBLESDK.framework */,
				C154B50229CB460E0010AE56 /* WTBLESDK.framework */,
				C154B4CD29CB25220010AE56 /* Debug-iphonesimulator */,
				C154B4C029CB1EE30010AE56 /* WTBLESDK.framework */,
			);
			name = Frameworks;
			sourceTree = "<group>";
		};
		C154B51629CB47E50010AE56 /* Products */ = {
			isa = PBXGroup;
			children = (
				C154B51B29CB47E50010AE56 /* WTBLESDK.framework */,
				C154B51D29CB47E50010AE56 /* WTBLESDKTests.xctest */,
			);
			name = Products;
			sourceTree = "<group>";
		};
		C154B52229CB70B20010AE56 /* DetailsView */ = {
			isa = PBXGroup;
			children = (
				C154B52329CB70C40010AE56 /* DetailViewController.swift */,
				C154B53F29CE0C9E0010AE56 /* HeaderItemCell.swift */,
				C154B54929CE0DC80010AE56 /* DetailViewController.xib */,
			);
			path = DetailsView;
			sourceTree = "<group>";
		};
		C154B52529CC67450010AE56 /* AboutView */ = {
			isa = PBXGroup;
			children = (
				C154B52629CC67530010AE56 /* AboutAppViewController.swift */,
				C154B55229CE0E240010AE56 /* AboutAppViewController.xib */,
			);
			path = AboutView;
			sourceTree = "<group>";
		};
		C154B52929CC70550010AE56 /* Localization */ = {
			isa = PBXGroup;
			children = (
				C154B52A29CC70690010AE56 /* Localizable.strings */,
			);
			path = Localization;
			sourceTree = "<group>";
		};
		C154B52D29CDD6060010AE56 /* Model */ = {
			isa = PBXGroup;
			children = (
				C154B52E29CDD6120010AE56 /* ItemDataModel.swift */,
				C154B53029CDEF880010AE56 /* AccelerationModel.swift */,
				C154B53229CDEFD90010AE56 /* AngularVelocityModel.swift */,
			);
			path = Model;
			sourceTree = "<group>";
		};
		C154B53429CDF0C90010AE56 /* CategoryModule */ = {
			isa = PBXGroup;
			children = (
				C154B53529CDF0DB0010AE56 /* UIView+FKAutoLayout.swift */,
				C154B53729CDF0E90010AE56 /* UIView+Nib.swift */,
			);
			path = CategoryModule;
			sourceTree = "<group>";
		};
		C154B54B29CE0DD40010AE56 /* HistoryRcordView */ = {
			isa = PBXGroup;
			children = (
				C154B54129CE0D430010AE56 /* HistoryRecordViewController.swift */,
				C154B54C29CE0DE80010AE56 /* HistoryRecordViewController.xib */,
			);
			path = HistoryRcordView;
			sourceTree = "<group>";
		};
		C154B54E29CE0DEF0010AE56 /* FunctionPopView */ = {
			isa = PBXGroup;
			children = (
				C154B54329CE0D5B0010AE56 /* FunctionPopViewController.swift */,
				C154B54F29CE0E010010AE56 /* FunctionPopViewController.xib */,
			);
			path = FunctionPopView;
			sourceTree = "<group>";
		};
		C154B55129CE0E0A0010AE56 /* FunctionIntroductionView */ = {
			isa = PBXGroup;
			children = (
				C154B54529CE0D830010AE56 /* FunctionIntroductionViewController.swift */,
				C154B55729CE0E7D0010AE56 /* FunctionIntroductionViewController.xib */,
			);
			path = FunctionIntroductionView;
			sourceTree = "<group>";
		};
		C154B55429CE0E2B0010AE56 /* PrivacyAgreementView */ = {
			isa = PBXGroup;
			children = (
				C154B54729CE0D980010AE56 /* PrivacyAgreementViewController.swift */,
			);
			path = PrivacyAgreementView;
			sourceTree = "<group>";
		};
		C154B55B29CE12DB0010AE56 /* Utilities */ = {
			isa = PBXGroup;
			children = (
				C154B4BA29CB1CE60010AE56 /* WTBLEPeripheral.swift */,
				C154B53929CDF2E20010AE56 /* DataFileManager.swift */,
				C154B53C29CDF3FC0010AE56 /* ToolManager.swift */,
			);
			path = Utilities;
			sourceTree = "<group>";
		};
/* End PBXGroup section */

/* Begin PBXNativeTarget section */
		C154B45329CAE15F0010AE56 /* WitMotion */ = {
			isa = PBXNativeTarget;
			buildConfigurationList = C154B47E29CAE1600010AE56 /* Build configuration list for PBXNativeTarget "WitMotion" */;
			buildPhases = (
				C154B45029CAE15F0010AE56 /* Sources */,
				C154B45129CAE15F0010AE56 /* Frameworks */,
				C154B45229CAE15F0010AE56 /* Resources */,
				C16E4BEF29D33C0300039933 /* Embed Frameworks */,
			);
			buildRules = (
			);
			dependencies = (
			);
			name = WitMotion;
			productName = WitMotion;
			productReference = C154B45429CAE15F0010AE56 /* WitMotion.app */;
			productType = "com.apple.product-type.application";
		};
		C154B46929CAE1600010AE56 /* WitMotionTests */ = {
			isa = PBXNativeTarget;
			buildConfigurationList = C154B48129CAE1600010AE56 /* Build configuration list for PBXNativeTarget "WitMotionTests" */;
			buildPhases = (
				C154B46629CAE1600010AE56 /* Sources */,
				C154B46729CAE1600010AE56 /* Frameworks */,
				C154B46829CAE1600010AE56 /* Resources */,
			);
			buildRules = (
			);
			dependencies = (
				C154B46C29CAE1600010AE56 /* PBXTargetDependency */,
			);
			name = WitMotionTests;
			productName = WitMotionTests;
			productReference = C154B46A29CAE1600010AE56 /* WitMotionTests.xctest */;
			productType = "com.apple.product-type.bundle.unit-test";
		};
		C154B47329CAE1600010AE56 /* WitMotionUITests */ = {
			isa = PBXNativeTarget;
			buildConfigurationList = C154B48429CAE1600010AE56 /* Build configuration list for PBXNativeTarget "WitMotionUITests" */;
			buildPhases = (
				C154B47029CAE1600010AE56 /* Sources */,
				C154B47129CAE1600010AE56 /* Frameworks */,
				C154B47229CAE1600010AE56 /* Resources */,
			);
			buildRules = (
			);
			dependencies = (
				C154B47629CAE1600010AE56 /* PBXTargetDependency */,
			);
			name = WitMotionUITests;
			productName = WitMotionUITests;
			productReference = C154B47429CAE1600010AE56 /* WitMotionUITests.xctest */;
			productType = "com.apple.product-type.bundle.ui-testing";
		};
/* End PBXNativeTarget section */

/* Begin PBXProject section */
		C154B44C29CAE15F0010AE56 /* Project object */ = {
			isa = PBXProject;
			attributes = {
				BuildIndependentTargetsInParallel = 1;
				LastSwiftUpdateCheck = 1420;
				LastUpgradeCheck = 1420;
				TargetAttributes = {
					C154B45329CAE15F0010AE56 = {
						CreatedOnToolsVersion = 14.2;
					};
					C154B46929CAE1600010AE56 = {
						CreatedOnToolsVersion = 14.2;
						TestTargetID = C154B45329CAE15F0010AE56;
					};
					C154B47329CAE1600010AE56 = {
						CreatedOnToolsVersion = 14.2;
						TestTargetID = C154B45329CAE15F0010AE56;
					};
				};
			};
			buildConfigurationList = C154B44F29CAE15F0010AE56 /* Build configuration list for PBXProject "WitMotion" */;
			compatibilityVersion = "Xcode 14.0";
			developmentRegion = en;
			hasScannedForEncodings = 0;
			knownRegions = (
				en,
				Base,
			);
			mainGroup = C154B44B29CAE15F0010AE56;
			productRefGroup = C154B45529CAE15F0010AE56 /* Products */;
			projectDirPath = "";
			projectReferences = (
				{
					ProductGroup = C154B51629CB47E50010AE56 /* Products */;
					ProjectRef = C154B51529CB47E50010AE56 /* WTBLESDK.xcodeproj */;
				},
			);
			projectRoot = "";
			targets = (
				C154B45329CAE15F0010AE56 /* WitMotion */,
				C154B46929CAE1600010AE56 /* WitMotionTests */,
				C154B47329CAE1600010AE56 /* WitMotionUITests */,
			);
		};
/* End PBXProject section */

/* Begin PBXReferenceProxy section */
		C154B51B29CB47E50010AE56 /* WTBLESDK.framework */ = {
			isa = PBXReferenceProxy;
			fileType = wrapper.framework;
			path = WTBLESDK.framework;
			remoteRef = C154B51A29CB47E50010AE56 /* PBXContainerItemProxy */;
			sourceTree = BUILT_PRODUCTS_DIR;
		};
		C154B51D29CB47E50010AE56 /* WTBLESDKTests.xctest */ = {
			isa = PBXReferenceProxy;
			fileType = wrapper.cfbundle;
			path = WTBLESDKTests.xctest;
			remoteRef = C154B51C29CB47E50010AE56 /* PBXContainerItemProxy */;
			sourceTree = BUILT_PRODUCTS_DIR;
		};
/* End PBXReferenceProxy section */

/* Begin PBXResourcesBuildPhase section */
		C154B45229CAE15F0010AE56 /* Resources */ = {
			isa = PBXResourcesBuildPhase;
			buildActionMask = 2147483647;
			files = (
				C154B55A29CE0F4D0010AE56 /* privacyAgreement.html in Resources */,
				C154B55829CE0E7D0010AE56 /* FunctionIntroductionViewController.xib in Resources */,
				C154B52129CB6F910010AE56 /* Assets.xcassets in Resources */,
				C154B54D29CE0DE80010AE56 /* HistoryRecordViewController.xib in Resources */,
				C154B55029CE0E010010AE56 /* FunctionPopViewController.xib in Resources */,
				C154B52B29CC70690010AE56 /* Localizable.strings in Resources */,
				C154B55329CE0E240010AE56 /* AboutAppViewController.xib in Resources */,
				C154B46429CAE1600010AE56 /* LaunchScreen.storyboard in Resources */,
				C154B54A29CE0DC80010AE56 /* DetailViewController.xib in Resources */,
			);
			runOnlyForDeploymentPostprocessing = 0;
		};
		C154B46829CAE1600010AE56 /* Resources */ = {
			isa = PBXResourcesBuildPhase;
			buildActionMask = 2147483647;
			files = (
			);
			runOnlyForDeploymentPostprocessing = 0;
		};
		C154B47229CAE1600010AE56 /* Resources */ = {
			isa = PBXResourcesBuildPhase;
			buildActionMask = 2147483647;
			files = (
			);
			runOnlyForDeploymentPostprocessing = 0;
		};
/* End PBXResourcesBuildPhase section */

/* Begin PBXSourcesBuildPhase section */
		C154B45029CAE15F0010AE56 /* Sources */ = {
			isa = PBXSourcesBuildPhase;
			buildActionMask = 2147483647;
			files = (
				C154B52F29CDD6120010AE56 /* ItemDataModel.swift in Sources */,
				C154B52729CC67530010AE56 /* AboutAppViewController.swift in Sources */,
				C154B45C29CAE15F0010AE56 /* MainViewController.swift in Sources */,
				C154B54029CE0C9E0010AE56 /* HeaderItemCell.swift in Sources */,
				C154B54629CE0D830010AE56 /* FunctionIntroductionViewController.swift in Sources */,
				C16E4BD429D0B6EE00039933 /* PrefixHeader.swift in Sources */,
				C154B45829CAE15F0010AE56 /* AppDelegate.swift in Sources */,
				C154B53A29CDF2E20010AE56 /* DataFileManager.swift in Sources */,
				C154B4BB29CB1CE60010AE56 /* WTBLEPeripheral.swift in Sources */,
				C154B53129CDEF880010AE56 /* AccelerationModel.swift in Sources */,
				C154B53D29CDF3FC0010AE56 /* ToolManager.swift in Sources */,
				C154B52429CB70C40010AE56 /* DetailViewController.swift in Sources */,
				C154B53629CDF0DB0010AE56 /* UIView+FKAutoLayout.swift in Sources */,
				C154B53829CDF0E90010AE56 /* UIView+Nib.swift in Sources */,
				C154B54229CE0D430010AE56 /* HistoryRecordViewController.swift in Sources */,
				C154B45A29CAE15F0010AE56 /* SceneDelegate.swift in Sources */,
				C154B54429CE0D5B0010AE56 /* FunctionPopViewController.swift in Sources */,
				C154B51F29CB6DA90010AE56 /* MainTableViewCell.swift in Sources */,
				C154B53329CDEFD90010AE56 /* AngularVelocityModel.swift in Sources */,
				C154B54829CE0D980010AE56 /* PrivacyAgreementViewController.swift in Sources */,
			);
			runOnlyForDeploymentPostprocessing = 0;
		};
		C154B46629CAE1600010AE56 /* Sources */ = {
			isa = PBXSourcesBuildPhase;
			buildActionMask = 2147483647;
			files = (
				C154B46F29CAE1600010AE56 /* WitMotionTests.swift in Sources */,
			);
			runOnlyForDeploymentPostprocessing = 0;
		};
		C154B47029CAE1600010AE56 /* Sources */ = {
			isa = PBXSourcesBuildPhase;
			buildActionMask = 2147483647;
			files = (
				C154B47929CAE1600010AE56 /* WitMotionUITests.swift in Sources */,
				C154B47B29CAE1600010AE56 /* WitMotionUITestsLaunchTests.swift in Sources */,
			);
			runOnlyForDeploymentPostprocessing = 0;
		};
/* End PBXSourcesBuildPhase section */

/* Begin PBXTargetDependency section */
		C154B46C29CAE1600010AE56 /* PBXTargetDependency */ = {
			isa = PBXTargetDependency;
			target = C154B45329CAE15F0010AE56 /* WitMotion */;
			targetProxy = C154B46B29CAE1600010AE56 /* PBXContainerItemProxy */;
		};
		C154B47629CAE1600010AE56 /* PBXTargetDependency */ = {
			isa = PBXTargetDependency;
			target = C154B45329CAE15F0010AE56 /* WitMotion */;
			targetProxy = C154B47529CAE1600010AE56 /* PBXContainerItemProxy */;
		};
/* End PBXTargetDependency section */

/* Begin PBXVariantGroup section */
		C154B46229CAE1600010AE56 /* LaunchScreen.storyboard */ = {
			isa = PBXVariantGroup;
			children = (
				C154B46329CAE1600010AE56 /* Base */,
			);
			name = LaunchScreen.storyboard;
			sourceTree = "<group>";
		};
/* End PBXVariantGroup section */

/* Begin XCBuildConfiguration section */
		C154B47C29CAE1600010AE56 /* Debug */ = {
			isa = XCBuildConfiguration;
			buildSettings = {
				ALWAYS_SEARCH_USER_PATHS = NO;
				CLANG_ANALYZER_NONNULL = YES;
				CLANG_ANALYZER_NUMBER_OBJECT_CONVERSION = YES_AGGRESSIVE;
				CLANG_CXX_LANGUAGE_STANDARD = "gnu++20";
				CLANG_ENABLE_MODULES = YES;
				CLANG_ENABLE_OBJC_ARC = YES;
				CLANG_ENABLE_OBJC_WEAK = YES;
				CLANG_WARN_BLOCK_CAPTURE_AUTORELEASING = YES;
				CLANG_WARN_BOOL_CONVERSION = YES;
				CLANG_WARN_COMMA = YES;
				CLANG_WARN_CONSTANT_CONVERSION = YES;
				CLANG_WARN_DEPRECATED_OBJC_IMPLEMENTATIONS = YES;
				CLANG_WARN_DIRECT_OBJC_ISA_USAGE = YES_ERROR;
				CLANG_WARN_DOCUMENTATION_COMMENTS = YES;
				CLANG_WARN_EMPTY_BODY = YES;
				CLANG_WARN_ENUM_CONVERSION = YES;
				CLANG_WARN_INFINITE_RECURSION = YES;
				CLANG_WARN_INT_CONVERSION = YES;
				CLANG_WARN_NON_LITERAL_NULL_CONVERSION = YES;
				CLANG_WARN_OBJC_IMPLICIT_RETAIN_SELF = YES;
				CLANG_WARN_OBJC_LITERAL_CONVERSION = YES;
				CLANG_WARN_OBJC_ROOT_CLASS = YES_ERROR;
				CLANG_WARN_QUOTED_INCLUDE_IN_FRAMEWORK_HEADER = YES;
				CLANG_WARN_RANGE_LOOP_ANALYSIS = YES;
				CLANG_WARN_STRICT_PROTOTYPES = YES;
				CLANG_WARN_SUSPICIOUS_MOVE = YES;
				CLANG_WARN_UNGUARDED_AVAILABILITY = YES_AGGRESSIVE;
				CLANG_WARN_UNREACHABLE_CODE = YES;
				CLANG_WARN__DUPLICATE_METHOD_MATCH = YES;
				COPY_PHASE_STRIP = NO;
				DEBUG_INFORMATION_FORMAT = dwarf;
				ENABLE_STRICT_OBJC_MSGSEND = YES;
				ENABLE_TESTABILITY = YES;
				GCC_C_LANGUAGE_STANDARD = gnu11;
				GCC_DYNAMIC_NO_PIC = NO;
				GCC_NO_COMMON_BLOCKS = YES;
				GCC_OPTIMIZATION_LEVEL = 0;
				GCC_PREPROCESSOR_DEFINITIONS = (
					"DEBUG=1",
					"$(inherited)",
				);
				GCC_WARN_64_TO_32_BIT_CONVERSION = YES;
				GCC_WARN_ABOUT_RETURN_TYPE = YES_ERROR;
				GCC_WARN_UNDECLARED_SELECTOR = YES;
				GCC_WARN_UNINITIALIZED_AUTOS = YES_AGGRESSIVE;
				GCC_WARN_UNUSED_FUNCTION = YES;
				GCC_WARN_UNUSED_VARIABLE = YES;
				IPHONEOS_DEPLOYMENT_TARGET = 16.2;
				MTL_ENABLE_DEBUG_INFO = INCLUDE_SOURCE;
				MTL_FAST_MATH = YES;
				ONLY_ACTIVE_ARCH = YES;
				SDKROOT = iphoneos;
				SWIFT_ACTIVE_COMPILATION_CONDITIONS = DEBUG;
				SWIFT_OPTIMIZATION_LEVEL = "-Onone";
			};
			name = Debug;
		};
		C154B47D29CAE1600010AE56 /* Release */ = {
			isa = XCBuildConfiguration;
			buildSettings = {
				ALWAYS_SEARCH_USER_PATHS = NO;
				CLANG_ANALYZER_NONNULL = YES;
				CLANG_ANALYZER_NUMBER_OBJECT_CONVERSION = YES_AGGRESSIVE;
				CLANG_CXX_LANGUAGE_STANDARD = "gnu++20";
				CLANG_ENABLE_MODULES = YES;
				CLANG_ENABLE_OBJC_ARC = YES;
				CLANG_ENABLE_OBJC_WEAK = YES;
				CLANG_WARN_BLOCK_CAPTURE_AUTORELEASING = YES;
				CLANG_WARN_BOOL_CONVERSION = YES;
				CLANG_WARN_COMMA = YES;
				CLANG_WARN_CONSTANT_CONVERSION = YES;
				CLANG_WARN_DEPRECATED_OBJC_IMPLEMENTATIONS = YES;
				CLANG_WARN_DIRECT_OBJC_ISA_USAGE = YES_ERROR;
				CLANG_WARN_DOCUMENTATION_COMMENTS = YES;
				CLANG_WARN_EMPTY_BODY = YES;
				CLANG_WARN_ENUM_CONVERSION = YES;
				CLANG_WARN_INFINITE_RECURSION = YES;
				CLANG_WARN_INT_CONVERSION = YES;
				CLANG_WARN_NON_LITERAL_NULL_CONVERSION = YES;
				CLANG_WARN_OBJC_IMPLICIT_RETAIN_SELF = YES;
				CLANG_WARN_OBJC_LITERAL_CONVERSION = YES;
				CLANG_WARN_OBJC_ROOT_CLASS = YES_ERROR;
				CLANG_WARN_QUOTED_INCLUDE_IN_FRAMEWORK_HEADER = YES;
				CLANG_WARN_RANGE_LOOP_ANALYSIS = YES;
				CLANG_WARN_STRICT_PROTOTYPES = YES;
				CLANG_WARN_SUSPICIOUS_MOVE = YES;
				CLANG_WARN_UNGUARDED_AVAILABILITY = YES_AGGRESSIVE;
				CLANG_WARN_UNREACHABLE_CODE = YES;
				CLANG_WARN__DUPLICATE_METHOD_MATCH = YES;
				COPY_PHASE_STRIP = NO;
				DEBUG_INFORMATION_FORMAT = "dwarf-with-dsym";
				ENABLE_NS_ASSERTIONS = NO;
				ENABLE_STRICT_OBJC_MSGSEND = YES;
				GCC_C_LANGUAGE_STANDARD = gnu11;
				GCC_NO_COMMON_BLOCKS = YES;
				GCC_WARN_64_TO_32_BIT_CONVERSION = YES;
				GCC_WARN_ABOUT_RETURN_TYPE = YES_ERROR;
				GCC_WARN_UNDECLARED_SELECTOR = YES;
				GCC_WARN_UNINITIALIZED_AUTOS = YES_AGGRESSIVE;
				GCC_WARN_UNUSED_FUNCTION = YES;
				GCC_WARN_UNUSED_VARIABLE = YES;
				IPHONEOS_DEPLOYMENT_TARGET = 16.2;
				MTL_ENABLE_DEBUG_INFO = NO;
				MTL_FAST_MATH = YES;
				SDKROOT = iphoneos;
				SWIFT_COMPILATION_MODE = wholemodule;
				SWIFT_OPTIMIZATION_LEVEL = "-O";
				VALIDATE_PRODUCT = YES;
			};
			name = Release;
		};
		C154B47F29CAE1600010AE56 /* Debug */ = {
			isa = XCBuildConfiguration;
			buildSettings = {
				ASSETCATALOG_COMPILER_APPICON_NAME = AppIcon;
				ASSETCATALOG_COMPILER_GLOBAL_ACCENT_COLOR_NAME = AccentColor;
				CODE_SIGN_IDENTITY = "Apple Development";
				CODE_SIGN_STYLE = Automatic;
				CURRENT_PROJECT_VERSION = 1;
				DEVELOPMENT_TEAM = SP56HZ86QA;
				GENERATE_INFOPLIST_FILE = YES;
				INFOPLIST_FILE = WitMotion/Application/Info.plist;
				INFOPLIST_KEY_NSBluetoothAlwaysUsageDescription = "visit bluetooth for device data reading and writing";
				INFOPLIST_KEY_UIApplicationSupportsIndirectInputEvents = YES;
				INFOPLIST_KEY_UILaunchStoryboardName = LaunchScreen;
				INFOPLIST_KEY_UISupportedInterfaceOrientations_iPad = "UIInterfaceOrientationPortrait UIInterfaceOrientationPortraitUpsideDown UIInterfaceOrientationLandscapeLeft UIInterfaceOrientationLandscapeRight";
				INFOPLIST_KEY_UISupportedInterfaceOrientations_iPhone = "UIInterfaceOrientationPortrait UIInterfaceOrientationLandscapeLeft UIInterfaceOrientationLandscapeRight";
				LD_RUNPATH_SEARCH_PATHS = (
					"$(inherited)",
					"@executable_path/Frameworks",
				);
				MARKETING_VERSION = 1.0;
				PRODUCT_BUNDLE_IDENTIFIER = com.xparrow.WitMotion;
				PRODUCT_NAME = "$(TARGET_NAME)";
				PROVISIONING_PROFILE_SPECIFIER = "";
				SWIFT_EMIT_LOC_STRINGS = YES;
				SWIFT_VERSION = 5.0;
				TARGETED_DEVICE_FAMILY = "1,2";
			};
			name = Debug;
		};
		C154B48029CAE1600010AE56 /* Release */ = {
			isa = XCBuildConfiguration;
			buildSettings = {
				ASSETCATALOG_COMPILER_APPICON_NAME = AppIcon;
				ASSETCATALOG_COMPILER_GLOBAL_ACCENT_COLOR_NAME = AccentColor;
				CODE_SIGN_IDENTITY = "Apple Development";
				CODE_SIGN_STYLE = Automatic;
				CURRENT_PROJECT_VERSION = 1;
				DEVELOPMENT_TEAM = SP56HZ86QA;
				GENERATE_INFOPLIST_FILE = YES;
				INFOPLIST_FILE = WitMotion/Application/Info.plist;
				INFOPLIST_KEY_NSBluetoothAlwaysUsageDescription = "visit bluetooth for device data reading and writing";
				INFOPLIST_KEY_UIApplicationSupportsIndirectInputEvents = YES;
				INFOPLIST_KEY_UILaunchStoryboardName = LaunchScreen;
				INFOPLIST_KEY_UISupportedInterfaceOrientations_iPad = "UIInterfaceOrientationPortrait UIInterfaceOrientationPortraitUpsideDown UIInterfaceOrientationLandscapeLeft UIInterfaceOrientationLandscapeRight";
				INFOPLIST_KEY_UISupportedInterfaceOrientations_iPhone = "UIInterfaceOrientationPortrait UIInterfaceOrientationLandscapeLeft UIInterfaceOrientationLandscapeRight";
				LD_RUNPATH_SEARCH_PATHS = (
					"$(inherited)",
					"@executable_path/Frameworks",
				);
				MARKETING_VERSION = 1.0;
				PRODUCT_BUNDLE_IDENTIFIER = com.xparrow.WitMotion;
				PRODUCT_NAME = "$(TARGET_NAME)";
				PROVISIONING_PROFILE_SPECIFIER = "";
				SWIFT_EMIT_LOC_STRINGS = YES;
				SWIFT_VERSION = 5.0;
				TARGETED_DEVICE_FAMILY = "1,2";
			};
			name = Release;
		};
		C154B48229CAE1600010AE56 /* Debug */ = {
			isa = XCBuildConfiguration;
			buildSettings = {
				ALWAYS_EMBED_SWIFT_STANDARD_LIBRARIES = YES;
				BUNDLE_LOADER = "$(TEST_HOST)";
				CODE_SIGN_STYLE = Automatic;
				CURRENT_PROJECT_VERSION = 1;
				DEVELOPMENT_TEAM = E7LF2VLC52;
				GENERATE_INFOPLIST_FILE = YES;
				IPHONEOS_DEPLOYMENT_TARGET = 16.2;
				MARKETING_VERSION = 1.0;
				PRODUCT_BUNDLE_IDENTIFIER = com.xparrow.WitMotionTests;
				PRODUCT_NAME = "$(TARGET_NAME)";
				SWIFT_EMIT_LOC_STRINGS = NO;
				SWIFT_VERSION = 5.0;
				TARGETED_DEVICE_FAMILY = "1,2";
				TEST_HOST = "$(BUILT_PRODUCTS_DIR)/WitMotion.app/$(BUNDLE_EXECUTABLE_FOLDER_PATH)/WitMotion";
			};
			name = Debug;
		};
		C154B48329CAE1600010AE56 /* Release */ = {
			isa = XCBuildConfiguration;
			buildSettings = {
				ALWAYS_EMBED_SWIFT_STANDARD_LIBRARIES = YES;
				BUNDLE_LOADER = "$(TEST_HOST)";
				CODE_SIGN_STYLE = Automatic;
				CURRENT_PROJECT_VERSION = 1;
				DEVELOPMENT_TEAM = E7LF2VLC52;
				GENERATE_INFOPLIST_FILE = YES;
				IPHONEOS_DEPLOYMENT_TARGET = 16.2;
				MARKETING_VERSION = 1.0;
				PRODUCT_BUNDLE_IDENTIFIER = com.xparrow.WitMotionTests;
				PRODUCT_NAME = "$(TARGET_NAME)";
				SWIFT_EMIT_LOC_STRINGS = NO;
				SWIFT_VERSION = 5.0;
				TARGETED_DEVICE_FAMILY = "1,2";
				TEST_HOST = "$(BUILT_PRODUCTS_DIR)/WitMotion.app/$(BUNDLE_EXECUTABLE_FOLDER_PATH)/WitMotion";
			};
			name = Release;
		};
		C154B48529CAE1600010AE56 /* Debug */ = {
			isa = XCBuildConfiguration;
			buildSettings = {
				ALWAYS_EMBED_SWIFT_STANDARD_LIBRARIES = YES;
				CODE_SIGN_STYLE = Automatic;
				CURRENT_PROJECT_VERSION = 1;
				DEVELOPMENT_TEAM = E7LF2VLC52;
				GENERATE_INFOPLIST_FILE = YES;
				MARKETING_VERSION = 1.0;
				PRODUCT_BUNDLE_IDENTIFIER = com.xparrow.WitMotionUITests;
				PRODUCT_NAME = "$(TARGET_NAME)";
				SWIFT_EMIT_LOC_STRINGS = NO;
				SWIFT_VERSION = 5.0;
				TARGETED_DEVICE_FAMILY = "1,2";
				TEST_TARGET_NAME = WitMotion;
			};
			name = Debug;
		};
		C154B48629CAE1600010AE56 /* Release */ = {
			isa = XCBuildConfiguration;
			buildSettings = {
				ALWAYS_EMBED_SWIFT_STANDARD_LIBRARIES = YES;
				CODE_SIGN_STYLE = Automatic;
				CURRENT_PROJECT_VERSION = 1;
				DEVELOPMENT_TEAM = E7LF2VLC52;
				GENERATE_INFOPLIST_FILE = YES;
				MARKETING_VERSION = 1.0;
				PRODUCT_BUNDLE_IDENTIFIER = com.xparrow.WitMotionUITests;
				PRODUCT_NAME = "$(TARGET_NAME)";
				SWIFT_EMIT_LOC_STRINGS = NO;
				SWIFT_VERSION = 5.0;
				TARGETED_DEVICE_FAMILY = "1,2";
				TEST_TARGET_NAME = WitMotion;
			};
			name = Release;
		};
/* End XCBuildConfiguration section */

/* Begin XCConfigurationList section */
		C154B44F29CAE15F0010AE56 /* Build configuration list for PBXProject "WitMotion" */ = {
			isa = XCConfigurationList;
			buildConfigurations = (
				C154B47C29CAE1600010AE56 /* Debug */,
				C154B47D29CAE1600010AE56 /* Release */,
			);
			defaultConfigurationIsVisible = 0;
			defaultConfigurationName = Release;
		};
		C154B47E29CAE1600010AE56 /* Build configuration list for PBXNativeTarget "WitMotion" */ = {
			isa = XCConfigurationList;
			buildConfigurations = (
				C154B47F29CAE1600010AE56 /* Debug */,
				C154B48029CAE1600010AE56 /* Release */,
			);
			defaultConfigurationIsVisible = 0;
			defaultConfigurationName = Release;
		};
		C154B48129CAE1600010AE56 /* Build configuration list for PBXNativeTarget "WitMotionTests" */ = {
			isa = XCConfigurationList;
			buildConfigurations = (
				C154B48229CAE1600010AE56 /* Debug */,
				C154B48329CAE1600010AE56 /* Release */,
			);
			defaultConfigurationIsVisible = 0;
			defaultConfigurationName = Release;
		};
		C154B48429CAE1600010AE56 /* Build configuration list for PBXNativeTarget "WitMotionUITests" */ = {
			isa = XCConfigurationList;
			buildConfigurations = (
				C154B48529CAE1600010AE56 /* Debug */,
				C154B48629CAE1600010AE56 /* Release */,
			);
			defaultConfigurationIsVisible = 0;
			defaultConfigurationName = Release;
		};
/* End XCConfigurationList section */
	};
	rootObject = C154B44C29CAE15F0010AE56 /* Project object */;
}
